// !$*UTF8*$!
{
	archiveVersion = 1;
	classes = {
	};
	objectVersion = 53;
	objects = {

/* Begin PBXBuildFile section */
		2606B3E8271AC776008A41F5 /* MainViewController.swift in Sources */ = {isa = PBXBuildFile; fileRef = 2606B3E7271AC776008A41F5 /* MainViewController.swift */; };
		265F44352716E3BF008EB4BB /* AppDelegate.swift in Sources */ = {isa = PBXBuildFile; fileRef = 265F44342716E3BF008EB4BB /* AppDelegate.swift */; };
		265F44372716E3BF008EB4BB /* SceneDelegate.swift in Sources */ = {isa = PBXBuildFile; fileRef = 265F44362716E3BF008EB4BB /* SceneDelegate.swift */; };
		265F443C2716E3BF008EB4BB /* Main.storyboard in Resources */ = {isa = PBXBuildFile; fileRef = 265F443A2716E3BF008EB4BB /* Main.storyboard */; };
		265F443E2716E3C0008EB4BB /* Assets.xcassets in Resources */ = {isa = PBXBuildFile; fileRef = 265F443D2716E3C0008EB4BB /* Assets.xcassets */; };
		265F44412716E3C0008EB4BB /* LaunchScreen.storyboard in Resources */ = {isa = PBXBuildFile; fileRef = 265F443F2716E3C0008EB4BB /* LaunchScreen.storyboard */; };
		265F44492716EFE6008EB4BB /* SettingsViewController.swift in Sources */ = {isa = PBXBuildFile; fileRef = 265F44482716EFE6008EB4BB /* SettingsViewController.swift */; };
		2665F7B9271B19E7008C13A6 /* AnswerButton.swift in Sources */ = {isa = PBXBuildFile; fileRef = 2665F7B8271B19E7008C13A6 /* AnswerButton.swift */; };
/* End PBXBuildFile section */

/* Begin PBXFileReference section */
		2606B3E7271AC776008A41F5 /* MainViewController.swift */ = {isa = PBXFileReference; lastKnownFileType = sourcecode.swift; path = MainViewController.swift; sourceTree = "<group>"; };
		265F44312716E3BF008EB4BB /* 8-ballAppYalantis.app */ = {isa = PBXFileReference; explicitFileType = wrapper.application; includeInIndex = 0; path = "8-ballAppYalantis.app"; sourceTree = BUILT_PRODUCTS_DIR; };
		265F44342716E3BF008EB4BB /* AppDelegate.swift */ = {isa = PBXFileReference; lastKnownFileType = sourcecode.swift; path = AppDelegate.swift; sourceTree = "<group>"; };
		265F44362716E3BF008EB4BB /* SceneDelegate.swift */ = {isa = PBXFileReference; lastKnownFileType = sourcecode.swift; path = SceneDelegate.swift; sourceTree = "<group>"; };
		265F443B2716E3BF008EB4BB /* Base */ = {isa = PBXFileReference; lastKnownFileType = file.storyboard; name = Base; path = Base.lproj/Main.storyboard; sourceTree = "<group>"; };
		265F443D2716E3C0008EB4BB /* Assets.xcassets */ = {isa = PBXFileReference; lastKnownFileType = folder.assetcatalog; path = Assets.xcassets; sourceTree = "<group>"; };
		265F44402716E3C0008EB4BB /* Base */ = {isa = PBXFileReference; lastKnownFileType = file.storyboard; name = Base; path = Base.lproj/LaunchScreen.storyboard; sourceTree = "<group>"; };
		265F44422716E3C0008EB4BB /* Info.plist */ = {isa = PBXFileReference; lastKnownFileType = text.plist.xml; path = Info.plist; sourceTree = "<group>"; };
		265F44482716EFE6008EB4BB /* SettingsViewController.swift */ = {isa = PBXFileReference; lastKnownFileType = sourcecode.swift; path = SettingsViewController.swift; sourceTree = "<group>"; };
		2665F7B8271B19E7008C13A6 /* AnswerButton.swift */ = {isa = PBXFileReference; lastKnownFileType = sourcecode.swift; path = AnswerButton.swift; sourceTree = "<group>"; };
/* End PBXFileReference section */

/* Begin PBXFrameworksBuildPhase section */
		265F442E2716E3BF008EB4BB /* Frameworks */ = {
			isa = PBXFrameworksBuildPhase;
			buildActionMask = 2147483647;
			files = (
			);
			runOnlyForDeploymentPostprocessing = 0;
		};
/* End PBXFrameworksBuildPhase section */

/* Begin PBXGroup section */
		261B732E27200DC900954ABB /* ViewControllers */ = {
			isa = PBXGroup;
			children = (
				2606B3E7271AC776008A41F5 /* MainViewController.swift */,
				265F44482716EFE6008EB4BB /* SettingsViewController.swift */,
			);
			path = ViewControllers;
			sourceTree = "<group>";
		};
		261B732F27200DE300954ABB /* Additional */ = {
			isa = PBXGroup;
			children = (
				265F44362716E3BF008EB4BB /* SceneDelegate.swift */,
				265F44342716E3BF008EB4BB /* AppDelegate.swift */,
				2665F7B8271B19E7008C13A6 /* AnswerButton.swift */,
				265F443D2716E3C0008EB4BB /* Assets.xcassets */,
			);
			path = Additional;
			sourceTree = "<group>";
		};
		261B733027200EDC00954ABB /* Storyboard */ = {
			isa = PBXGroup;
			children = (
				265F443A2716E3BF008EB4BB /* Main.storyboard */,
				265F443F2716E3C0008EB4BB /* LaunchScreen.storyboard */,
			);
			path = Storyboard;
			sourceTree = "<group>";
		};
		265F44282716E3BF008EB4BB = {
			isa = PBXGroup;
			children = (
				265F44332716E3BF008EB4BB /* 8-ballAppYalantis */,
				265F44322716E3BF008EB4BB /* Products */,
			);
			sourceTree = "<group>";
		};
		265F44322716E3BF008EB4BB /* Products */ = {
			isa = PBXGroup;
			children = (
				265F44312716E3BF008EB4BB /* 8-ballAppYalantis.app */,
			);
			name = Products;
			sourceTree = "<group>";
		};
		265F44332716E3BF008EB4BB /* 8-ballAppYalantis */ = {
			isa = PBXGroup;
			children = (
				265F44422716E3C0008EB4BB /* Info.plist */,
				261B732F27200DE300954ABB /* Additional */,
				261B733027200EDC00954ABB /* Storyboard */,
				261B732E27200DC900954ABB /* ViewControllers */,
			);
			path = "8-ballAppYalantis";
			sourceTree = "<group>";
		};
/* End PBXGroup section */

/* Begin PBXNativeTarget section */
		265F44302716E3BF008EB4BB /* 8-ballAppYalantis */ = {
			isa = PBXNativeTarget;
			buildConfigurationList = 265F44452716E3C0008EB4BB /* Build configuration list for PBXNativeTarget "8-ballAppYalantis" */;
			buildPhases = (
				265F442D2716E3BF008EB4BB /* Sources */,
				265F442E2716E3BF008EB4BB /* Frameworks */,
				265F442F2716E3BF008EB4BB /* Resources */,
			);
			buildRules = (
			);
			dependencies = (
			);
			name = "8-ballAppYalantis";
			productName = "8-ballAppYalantis";
			productReference = 265F44312716E3BF008EB4BB /* 8-ballAppYalantis.app */;
			productType = "com.apple.product-type.application";
		};
/* End PBXNativeTarget section */

/* Begin PBXProject section */
		265F44292716E3BF008EB4BB /* Project object */ = {
			isa = PBXProject;
			attributes = {
				BuildIndependentTargetsInParallel = 1;
				LastSwiftUpdateCheck = 1300;
				LastUpgradeCheck = 1300;
				TargetAttributes = {
					265F44302716E3BF008EB4BB = {
						CreatedOnToolsVersion = 13.0;
					};
				};
			};
			buildConfigurationList = 265F442C2716E3BF008EB4BB /* Build configuration list for PBXProject "8-ballAppYalantis" */;
			compatibilityVersion = "Xcode 11.4";
			developmentRegion = en;
			hasScannedForEncodings = 0;
			knownRegions = (
				en,
				Base,
			);
			mainGroup = 265F44282716E3BF008EB4BB;
			productRefGroup = 265F44322716E3BF008EB4BB /* Products */;
			projectDirPath = "";
			projectRoot = "";
			targets = (
				265F44302716E3BF008EB4BB /* 8-ballAppYalantis */,
			);
		};
/* End PBXProject section */

/* Begin PBXResourcesBuildPhase section */
		265F442F2716E3BF008EB4BB /* Resources */ = {
			isa = PBXResourcesBuildPhase;
			buildActionMask = 2147483647;
			files = (
				265F44412716E3C0008EB4BB /* LaunchScreen.storyboard in Resources */,
				265F443E2716E3C0008EB4BB /* Assets.xcassets in Resources */,
				265F443C2716E3BF008EB4BB /* Main.storyboard in Resources */,
			);
			runOnlyForDeploymentPostprocessing = 0;
		};
/* End PBXResourcesBuildPhase section */

/* Begin PBXSourcesBuildPhase section */
		265F442D2716E3BF008EB4BB /* Sources */ = {
			isa = PBXSourcesBuildPhase;
			buildActionMask = 2147483647;
			files = (
				2665F7B9271B19E7008C13A6 /* AnswerButton.swift in Sources */,
				265F44352716E3BF008EB4BB /* AppDelegate.swift in Sources */,
				265F44372716E3BF008EB4BB /* SceneDelegate.swift in Sources */,
				265F44492716EFE6008EB4BB /* SettingsViewController.swift in Sources */,
				2606B3E8271AC776008A41F5 /* MainViewController.swift in Sources */,
			);
			runOnlyForDeploymentPostprocessing = 0;
		};
/* End PBXSourcesBuildPhase section */

/* Begin PBXVariantGroup section */
		265F443A2716E3BF008EB4BB /* Main.storyboard */ = {
			isa = PBXVariantGroup;
			children = (
				265F443B2716E3BF008EB4BB /* Base */,
			);
			name = Main.storyboard;
			sourceTree = "<group>";
		};
		265F443F2716E3C0008EB4BB /* LaunchScreen.storyboard */ = {
			isa = PBXVariantGroup;
			children = (
				265F44402716E3C0008EB4BB /* Base */,
			);
			name = LaunchScreen.storyboard;
			sourceTree = "<group>";
		};
/* End PBXVariantGroup section */

/* Begin XCBuildConfiguration section */
		265F44432716E3C0008EB4BB /* Debug */ = {
			isa = XCBuildConfiguration;
			buildSettings = {
				ALWAYS_SEARCH_USER_PATHS = NO;
				CLANG_ANALYZER_NONNULL = YES;
				CLANG_ANALYZER_NUMBER_OBJECT_CONVERSION = YES_AGGRESSIVE;
				CLANG_CXX_LANGUAGE_STANDARD = "gnu++17";
				CLANG_CXX_LIBRARY = "libc++";
				CLANG_ENABLE_MODULES = YES;
				CLANG_ENABLE_OBJC_ARC = YES;
				CLANG_ENABLE_OBJC_WEAK = YES;
				CLANG_WARN_BLOCK_CAPTURE_AUTORELEASING = YES;
				CLANG_WARN_BOOL_CONVERSION = YES;
				CLANG_WARN_COMMA = YES;
				CLANG_WARN_CONSTANT_CONVERSION = YES;
				CLANG_WARN_DEPRECATED_OBJC_IMPLEMENTATIONS = YES;
				CLANG_WARN_DIRECT_OBJC_ISA_USAGE = YES_ERROR;
				CLANG_WARN_DOCUMENTATION_COMMENTS = YES;
				CLANG_WARN_EMPTY_BODY = YES;
				CLANG_WARN_ENUM_CONVERSION = YES;
				CLANG_WARN_INFINITE_RECURSION = YES;
				CLANG_WARN_INT_CONVERSION = YES;
				CLANG_WARN_NON_LITERAL_NULL_CONVERSION = YES;
				CLANG_WARN_OBJC_IMPLICIT_RETAIN_SELF = YES;
				CLANG_WARN_OBJC_LITERAL_CONVERSION = YES;
				CLANG_WARN_OBJC_ROOT_CLASS = YES_ERROR;
				CLANG_WARN_QUOTED_INCLUDE_IN_FRAMEWORK_HEADER = YES;
				CLANG_WARN_RANGE_LOOP_ANALYSIS = YES;
				CLANG_WARN_STRICT_PROTOTYPES = YES;
				CLANG_WARN_SUSPICIOUS_MOVE = YES;
				CLANG_WARN_UNGUARDED_AVAILABILITY = YES_AGGRESSIVE;
				CLANG_WARN_UNREACHABLE_CODE = YES;
				CLANG_WARN__DUPLICATE_METHOD_MATCH = YES;
				COPY_PHASE_STRIP = NO;
				DEBUG_INFORMATION_FORMAT = dwarf;
				ENABLE_STRICT_OBJC_MSGSEND = YES;
				ENABLE_TESTABILITY = YES;
				GCC_C_LANGUAGE_STANDARD = gnu11;
				GCC_DYNAMIC_NO_PIC = NO;
				GCC_NO_COMMON_BLOCKS = YES;
				GCC_OPTIMIZATION_LEVEL = 0;
				GCC_PREPROCESSOR_DEFINITIONS = (
					"DEBUG=1",
					"$(inherited)",
				);
				GCC_WARN_64_TO_32_BIT_CONVERSION = YES;
				GCC_WARN_ABOUT_RETURN_TYPE = YES_ERROR;
				GCC_WARN_UNDECLARED_SELECTOR = YES;
				GCC_WARN_UNINITIALIZED_AUTOS = YES_AGGRESSIVE;
				GCC_WARN_UNUSED_FUNCTION = YES;
				GCC_WARN_UNUSED_VARIABLE = YES;
				IPHONEOS_DEPLOYMENT_TARGET = 15.0;
				MTL_ENABLE_DEBUG_INFO = INCLUDE_SOURCE;
				MTL_FAST_MATH = YES;
				ONLY_ACTIVE_ARCH = YES;
				SDKROOT = iphoneos;
				SWIFT_ACTIVE_COMPILATION_CONDITIONS = DEBUG;
				SWIFT_OPTIMIZATION_LEVEL = "-Onone";
			};
			name = Debug;
		};
		265F44442716E3C0008EB4BB /* Release */ = {
			isa = XCBuildConfiguration;
			buildSettings = {
				ALWAYS_SEARCH_USER_PATHS = NO;
				CLANG_ANALYZER_NONNULL = YES;
				CLANG_ANALYZER_NUMBER_OBJECT_CONVERSION = YES_AGGRESSIVE;
				CLANG_CXX_LANGUAGE_STANDARD = "gnu++17";
				CLANG_CXX_LIBRARY = "libc++";
				CLANG_ENABLE_MODULES = YES;
				CLANG_ENABLE_OBJC_ARC = YES;
				CLANG_ENABLE_OBJC_WEAK = YES;
				CLANG_WARN_BLOCK_CAPTURE_AUTORELEASING = YES;
				CLANG_WARN_BOOL_CONVERSION = YES;
				CLANG_WARN_COMMA = YES;
				CLANG_WARN_CONSTANT_CONVERSION = YES;
				CLANG_WARN_DEPRECATED_OBJC_IMPLEMENTATIONS = YES;
				CLANG_WARN_DIRECT_OBJC_ISA_USAGE = YES_ERROR;
				CLANG_WARN_DOCUMENTATION_COMMENTS = YES;
				CLANG_WARN_EMPTY_BODY = YES;
				CLANG_WARN_ENUM_CONVERSION = YES;
				CLANG_WARN_INFINITE_RECURSION = YES;
				CLANG_WARN_INT_CONVERSION = YES;
				CLANG_WARN_NON_LITERAL_NULL_CONVERSION = YES;
				CLANG_WARN_OBJC_IMPLICIT_RETAIN_SELF = YES;
				CLANG_WARN_OBJC_LITERAL_CONVERSION = YES;
				CLANG_WARN_OBJC_ROOT_CLASS = YES_ERROR;
				CLANG_WARN_QUOTED_INCLUDE_IN_FRAMEWORK_HEADER = YES;
				CLANG_WARN_RANGE_LOOP_ANALYSIS = YES;
				CLANG_WARN_STRICT_PROTOTYPES = YES;
				CLANG_WARN_SUSPICIOUS_MOVE = YES;
				CLANG_WARN_UNGUARDED_AVAILABILITY = YES_AGGRESSIVE;
				CLANG_WARN_UNREACHABLE_CODE = YES;
				CLANG_WARN__DUPLICATE_METHOD_MATCH = YES;
				COPY_PHASE_STRIP = NO;
				DEBUG_INFORMATION_FORMAT = "dwarf-with-dsym";
				ENABLE_NS_ASSERTIONS = NO;
				ENABLE_STRICT_OBJC_MSGSEND = YES;
				GCC_C_LANGUAGE_STANDARD = gnu11;
				GCC_NO_COMMON_BLOCKS = YES;
				GCC_WARN_64_TO_32_BIT_CONVERSION = YES;
				GCC_WARN_ABOUT_RETURN_TYPE = YES_ERROR;
				GCC_WARN_UNDECLARED_SELECTOR = YES;
				GCC_WARN_UNINITIALIZED_AUTOS = YES_AGGRESSIVE;
				GCC_WARN_UNUSED_FUNCTION = YES;
				GCC_WARN_UNUSED_VARIABLE = YES;
				IPHONEOS_DEPLOYMENT_TARGET = 15.0;
				MTL_ENABLE_DEBUG_INFO = NO;
				MTL_FAST_MATH = YES;
				SDKROOT = iphoneos;
				SWIFT_COMPILATION_MODE = wholemodule;
				SWIFT_OPTIMIZATION_LEVEL = "-O";
				VALIDATE_PRODUCT = YES;
			};
			name = Release;
		};
		265F44462716E3C0008EB4BB /* Debug */ = {
			isa = XCBuildConfiguration;
			buildSettings = {
				ASSETCATALOG_COMPILER_APPICON_NAME = AppIcon;
				ASSETCATALOG_COMPILER_GLOBAL_ACCENT_COLOR_NAME = AccentColor;
				CODE_SIGN_STYLE = Automatic;
				CURRENT_PROJECT_VERSION = 1;
				DEVELOPMENT_TEAM = X63T257KQM;
				GENERATE_INFOPLIST_FILE = YES;
				INFOPLIST_FILE = "8-ballAppYalantis/Info.plist";
				INFOPLIST_KEY_UIApplicationSupportsIndirectInputEvents = YES;
				INFOPLIST_KEY_UILaunchStoryboardName = LaunchScreen;
				INFOPLIST_KEY_UIMainStoryboardFile = Main;
				INFOPLIST_KEY_UISupportedInterfaceOrientations = UIInterfaceOrientationPortrait;
				INFOPLIST_KEY_UISupportedInterfaceOrientations_iPad = "UIInterfaceOrientationPortrait UIInterfaceOrientationPortraitUpsideDown UIInterfaceOrientationLandscapeLeft UIInterfaceOrientationLandscapeRight";
				INFOPLIST_KEY_UISupportedInterfaceOrientations_iPhone = "UIInterfaceOrientationPortrait UIInterfaceOrientationLandscapeLeft UIInterfaceOrientationLandscapeRight";
				LD_RUNPATH_SEARCH_PATHS = (
					"$(inherited)",
					"@executable_path/Frameworks",
				);
				MARKETING_VERSION = 1.0;
				PRODUCT_BUNDLE_IDENTIFIER = "dimsun.--ballAppYalantis";
				PRODUCT_NAME = "$(TARGET_NAME)";
				SWIFT_EMIT_LOC_STRINGS = YES;
				SWIFT_VERSION = 5.0;
				TARGETED_DEVICE_FAMILY = 1;
			};
			name = Debug;
		};
		265F44472716E3C0008EB4BB /* Release */ = {
			isa = XCBuildConfiguration;
			buildSettings = {
				ASSETCATALOG_COMPILER_APPICON_NAME = AppIcon;
				ASSETCATALOG_COMPILER_GLOBAL_ACCENT_COLOR_NAME = AccentColor;
				CODE_SIGN_STYLE = Automatic;
				CURRENT_PROJECT_VERSION = 1;
				DEVELOPMENT_TEAM = X63T257KQM;
				GENERATE_INFOPLIST_FILE = YES;
				INFOPLIST_FILE = "8-ballAppYalantis/Info.plist";
				INFOPLIST_KEY_UIApplicationSupportsIndirectInputEvents = YES;
				INFOPLIST_KEY_UILaunchStoryboardName = LaunchScreen;
				INFOPLIST_KEY_UIMainStoryboardFile = Main;
				INFOPLIST_KEY_UISupportedInterfaceOrientations = UIInterfaceOrientationPortrait;
				INFOPLIST_KEY_UISupportedInterfaceOrientations_iPad = "UIInterfaceOrientationPortrait UIInterfaceOrientationPortraitUpsideDown UIInterfaceOrientationLandscapeLeft UIInterfaceOrientationLandscapeRight";
				INFOPLIST_KEY_UISupportedInterfaceOrientations_iPhone = "UIInterfaceOrientationPortrait UIInterfaceOrientationLandscapeLeft UIInterfaceOrientationLandscapeRight";
				LD_RUNPATH_SEARCH_PATHS = (
					"$(inherited)",
					"@executable_path/Frameworks",
				);
				MARKETING_VERSION = 1.0;
				PRODUCT_BUNDLE_IDENTIFIER = "dimsun.--ballAppYalantis";
				PRODUCT_NAME = "$(TARGET_NAME)";
				SWIFT_EMIT_LOC_STRINGS = YES;
				SWIFT_VERSION = 5.0;
				TARGETED_DEVICE_FAMILY = 1;
			};
			name = Release;
		};
/* End XCBuildConfiguration section */

/* Begin XCConfigurationList section */
		265F442C2716E3BF008EB4BB /* Build configuration list for PBXProject "8-ballAppYalantis" */ = {
			isa = XCConfigurationList;
			buildConfigurations = (
				265F44432716E3C0008EB4BB /* Debug */,
				265F44442716E3C0008EB4BB /* Release */,
			);
			defaultConfigurationIsVisible = 0;
			defaultConfigurationName = Release;
		};
		265F44452716E3C0008EB4BB /* Build configuration list for PBXNativeTarget "8-ballAppYalantis" */ = {
			isa = XCConfigurationList;
			buildConfigurations = (
				265F44462716E3C0008EB4BB /* Debug */,
				265F44472716E3C0008EB4BB /* Release */,
			);
			defaultConfigurationIsVisible = 0;
			defaultConfigurationName = Release;
		};
/* End XCConfigurationList section */
	};
	rootObject = 265F44292716E3BF008EB4BB /* Project object */;
}
